// !$*UTF8*$!
{
	archiveVersion = 1;
	classes = {
	};
	objectVersion = 50;
	objects = {

/* Begin PBXBuildFile section */
		34259533217B201B00CC289C /* FlickrDataSource.m in Sources */ = {isa = PBXBuildFile; fileRef = 34259532217B201B00CC289C /* FlickrDataSource.m */; };
		34259537217B204900CC289C /* FlickrViewController.m in Sources */ = {isa = PBXBuildFile; fileRef = 34259536217B204900CC289C /* FlickrViewController.m */; };
		3425953B217B208400CC289C /* FlickrNetworkHandler.m in Sources */ = {isa = PBXBuildFile; fileRef = 3425953A217B208400CC289C /* FlickrNetworkHandler.m */; };
		347897BA217B1D3D008A5667 /* AppDelegate.m in Sources */ = {isa = PBXBuildFile; fileRef = 347897B9217B1D3D008A5667 /* AppDelegate.m */; };
		347897C2217B1D3E008A5667 /* Assets.xcassets in Resources */ = {isa = PBXBuildFile; fileRef = 347897C1217B1D3E008A5667 /* Assets.xcassets */; };
		347897C5217B1D3E008A5667 /* LaunchScreen.storyboard in Resources */ = {isa = PBXBuildFile; fileRef = 347897C3217B1D3E008A5667 /* LaunchScreen.storyboard */; };
		347897C8217B1D3E008A5667 /* main.m in Sources */ = {isa = PBXBuildFile; fileRef = 347897C7217B1D3E008A5667 /* main.m */; };
/* End PBXBuildFile section */

/* Begin PBXFileReference section */
		34259531217B201B00CC289C /* FlickrDataSource.h */ = {isa = PBXFileReference; lastKnownFileType = sourcecode.c.h; path = FlickrDataSource.h; sourceTree = "<group>"; };
		34259532217B201B00CC289C /* FlickrDataSource.m */ = {isa = PBXFileReference; lastKnownFileType = sourcecode.c.objc; path = FlickrDataSource.m; sourceTree = "<group>"; };
		34259535217B204900CC289C /* FlickrViewController.h */ = {isa = PBXFileReference; lastKnownFileType = sourcecode.c.h; path = FlickrViewController.h; sourceTree = "<group>"; };
		34259536217B204900CC289C /* FlickrViewController.m */ = {isa = PBXFileReference; lastKnownFileType = sourcecode.c.objc; path = FlickrViewController.m; sourceTree = "<group>"; };
		34259539217B208400CC289C /* FlickrNetworkHandler.h */ = {isa = PBXFileReference; lastKnownFileType = sourcecode.c.h; path = FlickrNetworkHandler.h; sourceTree = "<group>"; };
		3425953A217B208400CC289C /* FlickrNetworkHandler.m */ = {isa = PBXFileReference; lastKnownFileType = sourcecode.c.objc; path = FlickrNetworkHandler.m; sourceTree = "<group>"; };
		3425953D217B262800CC289C /* FlickrHeader.h */ = {isa = PBXFileReference; lastKnownFileType = sourcecode.c.h; path = FlickrHeader.h; sourceTree = "<group>"; };
		3425953E217B268800CC289C /* FlickrPrefixHeader.pch */ = {isa = PBXFileReference; lastKnownFileType = sourcecode.c.h; path = FlickrPrefixHeader.pch; sourceTree = "<group>"; };
		347897B5217B1D3D008A5667 /* FlickrSearch.app */ = {isa = PBXFileReference; explicitFileType = wrapper.application; includeInIndex = 0; path = FlickrSearch.app; sourceTree = BUILT_PRODUCTS_DIR; };
		347897B8217B1D3D008A5667 /* AppDelegate.h */ = {isa = PBXFileReference; lastKnownFileType = sourcecode.c.h; path = AppDelegate.h; sourceTree = "<group>"; };
		347897B9217B1D3D008A5667 /* AppDelegate.m */ = {isa = PBXFileReference; lastKnownFileType = sourcecode.c.objc; path = AppDelegate.m; sourceTree = "<group>"; };
		347897C1217B1D3E008A5667 /* Assets.xcassets */ = {isa = PBXFileReference; lastKnownFileType = folder.assetcatalog; path = Assets.xcassets; sourceTree = "<group>"; };
		347897C4217B1D3E008A5667 /* Base */ = {isa = PBXFileReference; lastKnownFileType = file.storyboard; name = Base; path = Base.lproj/LaunchScreen.storyboard; sourceTree = "<group>"; };
		347897C6217B1D3E008A5667 /* Info.plist */ = {isa = PBXFileReference; lastKnownFileType = text.plist.xml; path = Info.plist; sourceTree = "<group>"; };
		347897C7217B1D3E008A5667 /* main.m */ = {isa = PBXFileReference; lastKnownFileType = sourcecode.c.objc; path = main.m; sourceTree = "<group>"; };
/* End PBXFileReference section */

/* Begin PBXFrameworksBuildPhase section */
		347897B2217B1D3D008A5667 /* Frameworks */ = {
			isa = PBXFrameworksBuildPhase;
			buildActionMask = 2147483647;
			files = (
			);
			runOnlyForDeploymentPostprocessing = 0;
		};
/* End PBXFrameworksBuildPhase section */

/* Begin PBXGroup section */
		34259530217B1FDF00CC289C /* Data Source */ = {
			isa = PBXGroup;
			children = (
				34259531217B201B00CC289C /* FlickrDataSource.h */,
				34259532217B201B00CC289C /* FlickrDataSource.m */,
			);
			path = "Data Source";
			sourceTree = "<group>";
		};
		34259534217B202A00CC289C /* Controller */ = {
			isa = PBXGroup;
			children = (
				34259535217B204900CC289C /* FlickrViewController.h */,
				34259536217B204900CC289C /* FlickrViewController.m */,
			);
			path = Controller;
			sourceTree = "<group>";
		};
		34259538217B205400CC289C /* Network */ = {
			isa = PBXGroup;
			children = (
				34259539217B208400CC289C /* FlickrNetworkHandler.h */,
				3425953A217B208400CC289C /* FlickrNetworkHandler.m */,
			);
			path = Network;
			sourceTree = "<group>";
		};
		3425953C217B260D00CC289C /* Utility */ = {
			isa = PBXGroup;
			children = (
				3425953D217B262800CC289C /* FlickrHeader.h */,
			);
			path = Utility;
			sourceTree = "<group>";
		};
		34259540217B33BB00CC289C /* Supporting Files */ = {
			isa = PBXGroup;
			children = (
				3425953E217B268800CC289C /* FlickrPrefixHeader.pch */,
			);
			path = "Supporting Files";
			sourceTree = "<group>";
		};
		347897AC217B1D3D008A5667 = {
			isa = PBXGroup;
			children = (
				347897B7217B1D3D008A5667 /* FlickrSearch */,
				347897B6217B1D3D008A5667 /* Products */,
			);
			sourceTree = "<group>";
		};
		347897B6217B1D3D008A5667 /* Products */ = {
			isa = PBXGroup;
			children = (
				347897B5217B1D3D008A5667 /* FlickrSearch.app */,
			);
			name = Products;
			sourceTree = "<group>";
		};
		347897B7217B1D3D008A5667 /* FlickrSearch */ = {
			isa = PBXGroup;
			children = (
				34259538217B205400CC289C /* Network */,
				34259534217B202A00CC289C /* Controller */,
				3425953C217B260D00CC289C /* Utility */,
				34259530217B1FDF00CC289C /* Data Source */,
				34259540217B33BB00CC289C /* Supporting Files */,
				347897B8217B1D3D008A5667 /* AppDelegate.h */,
				347897B9217B1D3D008A5667 /* AppDelegate.m */,
				347897C1217B1D3E008A5667 /* Assets.xcassets */,
				347897C3217B1D3E008A5667 /* LaunchScreen.storyboard */,
				347897C6217B1D3E008A5667 /* Info.plist */,
				347897C7217B1D3E008A5667 /* main.m */,
			);
			path = FlickrSearch;
			sourceTree = "<group>";
		};
/* End PBXGroup section */

/* Begin PBXNativeTarget section */
		347897B4217B1D3D008A5667 /* FlickrSearch */ = {
			isa = PBXNativeTarget;
			buildConfigurationList = 347897CB217B1D3E008A5667 /* Build configuration list for PBXNativeTarget "FlickrSearch" */;
			buildPhases = (
				347897B1217B1D3D008A5667 /* Sources */,
				347897B2217B1D3D008A5667 /* Frameworks */,
				347897B3217B1D3D008A5667 /* Resources */,
			);
			buildRules = (
			);
			dependencies = (
			);
			name = FlickrSearch;
			productName = FlickrSearch;
			productReference = 347897B5217B1D3D008A5667 /* FlickrSearch.app */;
			productType = "com.apple.product-type.application";
		};
/* End PBXNativeTarget section */

/* Begin PBXProject section */
		347897AD217B1D3D008A5667 /* Project object */ = {
			isa = PBXProject;
			attributes = {
				LastUpgradeCheck = 1000;
				ORGANIZATIONNAME = Abhishek;
				TargetAttributes = {
					347897B4217B1D3D008A5667 = {
						CreatedOnToolsVersion = 10.0;
					};
				};
			};
			buildConfigurationList = 347897B0217B1D3D008A5667 /* Build configuration list for PBXProject "FlickrSearch" */;
			compatibilityVersion = "Xcode 9.3";
			developmentRegion = en;
			hasScannedForEncodings = 0;
			knownRegions = (
				en,
				Base,
			);
			mainGroup = 347897AC217B1D3D008A5667;
			productRefGroup = 347897B6217B1D3D008A5667 /* Products */;
			projectDirPath = "";
			projectRoot = "";
			targets = (
				347897B4217B1D3D008A5667 /* FlickrSearch */,
			);
		};
/* End PBXProject section */

/* Begin PBXResourcesBuildPhase section */
		347897B3217B1D3D008A5667 /* Resources */ = {
			isa = PBXResourcesBuildPhase;
			buildActionMask = 2147483647;
			files = (
				347897C5217B1D3E008A5667 /* LaunchScreen.storyboard in Resources */,
				347897C2217B1D3E008A5667 /* Assets.xcassets in Resources */,
			);
			runOnlyForDeploymentPostprocessing = 0;
		};
/* End PBXResourcesBuildPhase section */

/* Begin PBXSourcesBuildPhase section */
		347897B1217B1D3D008A5667 /* Sources */ = {
			isa = PBXSourcesBuildPhase;
			buildActionMask = 2147483647;
			files = (
				347897C8217B1D3E008A5667 /* main.m in Sources */,
				34259533217B201B00CC289C /* FlickrDataSource.m in Sources */,
				347897BA217B1D3D008A5667 /* AppDelegate.m in Sources */,
				34259537217B204900CC289C /* FlickrViewController.m in Sources */,
				3425953B217B208400CC289C /* FlickrNetworkHandler.m in Sources */,
			);
			runOnlyForDeploymentPostprocessing = 0;
		};
/* End PBXSourcesBuildPhase section */

/* Begin PBXVariantGroup section */
		347897C3217B1D3E008A5667 /* LaunchScreen.storyboard */ = {
			isa = PBXVariantGroup;
			children = (
				347897C4217B1D3E008A5667 /* Base */,
			);
			name = LaunchScreen.storyboard;
			sourceTree = "<group>";
		};
/* End PBXVariantGroup section */

/* Begin XCBuildConfiguration section */
		347897C9217B1D3E008A5667 /* Debug */ = {
			isa = XCBuildConfiguration;
			buildSettings = {
				ALWAYS_SEARCH_USER_PATHS = NO;
				CLANG_ANALYZER_NONNULL = YES;
				CLANG_ANALYZER_NUMBER_OBJECT_CONVERSION = YES_AGGRESSIVE;
				CLANG_CXX_LANGUAGE_STANDARD = "gnu++14";
				CLANG_CXX_LIBRARY = "libc++";
				CLANG_ENABLE_MODULES = YES;
				CLANG_ENABLE_OBJC_ARC = YES;
				CLANG_ENABLE_OBJC_WEAK = YES;
				CLANG_WARN_BLOCK_CAPTURE_AUTORELEASING = YES;
				CLANG_WARN_BOOL_CONVERSION = YES;
				CLANG_WARN_COMMA = YES;
				CLANG_WARN_CONSTANT_CONVERSION = YES;
				CLANG_WARN_DEPRECATED_OBJC_IMPLEMENTATIONS = YES;
				CLANG_WARN_DIRECT_OBJC_ISA_USAGE = YES_ERROR;
				CLANG_WARN_DOCUMENTATION_COMMENTS = YES;
				CLANG_WARN_EMPTY_BODY = YES;
				CLANG_WARN_ENUM_CONVERSION = YES;
				CLANG_WARN_INFINITE_RECURSION = YES;
				CLANG_WARN_INT_CONVERSION = YES;
				CLANG_WARN_NON_LITERAL_NULL_CONVERSION = YES;
				CLANG_WARN_OBJC_IMPLICIT_RETAIN_SELF = YES;
				CLANG_WARN_OBJC_LITERAL_CONVERSION = YES;
				CLANG_WARN_OBJC_ROOT_CLASS = YES_ERROR;
				CLANG_WARN_RANGE_LOOP_ANALYSIS = YES;
				CLANG_WARN_STRICT_PROTOTYPES = YES;
				CLANG_WARN_SUSPICIOUS_MOVE = YES;
				CLANG_WARN_UNGUARDED_AVAILABILITY = YES_AGGRESSIVE;
				CLANG_WARN_UNREACHABLE_CODE = YES;
				CLANG_WARN__DUPLICATE_METHOD_MATCH = YES;
				CODE_SIGN_IDENTITY = "iPhone Developer";
				COPY_PHASE_STRIP = NO;
				DEBUG_INFORMATION_FORMAT = dwarf;
				ENABLE_STRICT_OBJC_MSGSEND = YES;
				ENABLE_TESTABILITY = YES;
				GCC_C_LANGUAGE_STANDARD = gnu11;
				GCC_DYNAMIC_NO_PIC = NO;
				GCC_NO_COMMON_BLOCKS = YES;
				GCC_OPTIMIZATION_LEVEL = 0;
				GCC_PREPROCESSOR_DEFINITIONS = (
					"DEBUG=1",
					"$(inherited)",
				);
				GCC_WARN_64_TO_32_BIT_CONVERSION = YES;
				GCC_WARN_ABOUT_RETURN_TYPE = YES_ERROR;
				GCC_WARN_UNDECLARED_SELECTOR = YES;
				GCC_WARN_UNINITIALIZED_AUTOS = YES_AGGRESSIVE;
				GCC_WARN_UNUSED_FUNCTION = YES;
				GCC_WARN_UNUSED_VARIABLE = YES;
				IPHONEOS_DEPLOYMENT_TARGET = 12.0;
				MTL_ENABLE_DEBUG_INFO = INCLUDE_SOURCE;
				MTL_FAST_MATH = YES;
				ONLY_ACTIVE_ARCH = YES;
				SDKROOT = iphoneos;
			};
			name = Debug;
		};
		347897CA217B1D3E008A5667 /* Release */ = {
			isa = XCBuildConfiguration;
			buildSettings = {
				ALWAYS_SEARCH_USER_PATHS = NO;
				CLANG_ANALYZER_NONNULL = YES;
				CLANG_ANALYZER_NUMBER_OBJECT_CONVERSION = YES_AGGRESSIVE;
				CLANG_CXX_LANGUAGE_STANDARD = "gnu++14";
				CLANG_CXX_LIBRARY = "libc++";
				CLANG_ENABLE_MODULES = YES;
				CLANG_ENABLE_OBJC_ARC = YES;
				CLANG_ENABLE_OBJC_WEAK = YES;
				CLANG_WARN_BLOCK_CAPTURE_AUTORELEASING = YES;
				CLANG_WARN_BOOL_CONVERSION = YES;
				CLANG_WARN_COMMA = YES;
				CLANG_WARN_CONSTANT_CONVERSION = YES;
				CLANG_WARN_DEPRECATED_OBJC_IMPLEMENTATIONS = YES;
				CLANG_WARN_DIRECT_OBJC_ISA_USAGE = YES_ERROR;
				CLANG_WARN_DOCUMENTATION_COMMENTS = YES;
				CLANG_WARN_EMPTY_BODY = YES;
				CLANG_WARN_ENUM_CONVERSION = YES;
				CLANG_WARN_INFINITE_RECURSION = YES;
				CLANG_WARN_INT_CONVERSION = YES;
				CLANG_WARN_NON_LITERAL_NULL_CONVERSION = YES;
				CLANG_WARN_OBJC_IMPLICIT_RETAIN_SELF = YES;
				CLANG_WARN_OBJC_LITERAL_CONVERSION = YES;
				CLANG_WARN_OBJC_ROOT_CLASS = YES_ERROR;
				CLANG_WARN_RANGE_LOOP_ANALYSIS = YES;
				CLANG_WARN_STRICT_PROTOTYPES = YES;
				CLANG_WARN_SUSPICIOUS_MOVE = YES;
				CLANG_WARN_UNGUARDED_AVAILABILITY = YES_AGGRESSIVE;
				CLANG_WARN_UNREACHABLE_CODE = YES;
				CLANG_WARN__DUPLICATE_METHOD_MATCH = YES;
				CODE_SIGN_IDENTITY = "iPhone Developer";
				COPY_PHASE_STRIP = NO;
				DEBUG_INFORMATION_FORMAT = "dwarf-with-dsym";
				ENABLE_NS_ASSERTIONS = NO;
				ENABLE_STRICT_OBJC_MSGSEND = YES;
				GCC_C_LANGUAGE_STANDARD = gnu11;
				GCC_NO_COMMON_BLOCKS = YES;
				GCC_WARN_64_TO_32_BIT_CONVERSION = YES;
				GCC_WARN_ABOUT_RETURN_TYPE = YES_ERROR;
				GCC_WARN_UNDECLARED_SELECTOR = YES;
				GCC_WARN_UNINITIALIZED_AUTOS = YES_AGGRESSIVE;
				GCC_WARN_UNUSED_FUNCTION = YES;
				GCC_WARN_UNUSED_VARIABLE = YES;
				IPHONEOS_DEPLOYMENT_TARGET = 12.0;
				MTL_ENABLE_DEBUG_INFO = NO;
				MTL_FAST_MATH = YES;
				SDKROOT = iphoneos;
				VALIDATE_PRODUCT = YES;
			};
			name = Release;
		};
		347897CC217B1D3E008A5667 /* Debug */ = {
			isa = XCBuildConfiguration;
			buildSettings = {
				ASSETCATALOG_COMPILER_APPICON_NAME = AppIcon;
				CODE_SIGN_STYLE = Automatic;
				DEVELOPMENT_TEAM = WAX3HX8H2S;
				GCC_PREFIX_HEADER = "FlickrSearch/Supporting Files/FlickrPrefixHeader.pch";
				INFOPLIST_FILE = FlickrSearch/Info.plist;
				LD_RUNPATH_SEARCH_PATHS = (
					"$(inherited)",
					"@executable_path/Frameworks",
				);
				PRODUCT_BUNDLE_IDENTIFIER = com.project.FlickrSearch;
				PRODUCT_NAME = "$(TARGET_NAME)";
				TARGETED_DEVICE_FAMILY = "1,2";
			};
			name = Debug;
		};
		347897CD217B1D3E008A5667 /* Release */ = {
			isa = XCBuildConfiguration;
			buildSettings = {
				ASSETCATALOG_COMPILER_APPICON_NAME = AppIcon;
				CODE_SIGN_STYLE = Automatic;
				DEVELOPMENT_TEAM = WAX3HX8H2S;
				GCC_PREFIX_HEADER = "FlickrSearch/Supporting Files/FlickrPrefixHeader.pch";
				INFOPLIST_FILE = FlickrSearch/Info.plist;
				LD_RUNPATH_SEARCH_PATHS = (
					"$(inherited)",
					"@executable_path/Frameworks",
				);
				PRODUCT_BUNDLE_IDENTIFIER = com.project.FlickrSearch;
				PRODUCT_NAME = "$(TARGET_NAME)";
				TARGETED_DEVICE_FAMILY = "1,2";
			};
			name = Release;
		};
/* End XCBuildConfiguration section */

/* Begin XCConfigurationList section */
		347897B0217B1D3D008A5667 /* Build configuration list for PBXProject "FlickrSearch" */ = {
			isa = XCConfigurationList;
			buildConfigurations = (
				347897C9217B1D3E008A5667 /* Debug */,
				347897CA217B1D3E008A5667 /* Release */,
			);
			defaultConfigurationIsVisible = 0;
			defaultConfigurationName = Release;
		};
		347897CB217B1D3E008A5667 /* Build configuration list for PBXNativeTarget "FlickrSearch" */ = {
			isa = XCConfigurationList;
			buildConfigurations = (
				347897CC217B1D3E008A5667 /* Debug */,
				347897CD217B1D3E008A5667 /* Release */,
			);
			defaultConfigurationIsVisible = 0;
			defaultConfigurationName = Release;
		};
/* End XCConfigurationList section */
	};
	rootObject = 347897AD217B1D3D008A5667 /* Project object */;
}
